
Microsoft Visual Studio Solution File, Format Version 12.00
# Visual Studio Version 16
VisualStudioVersion = 16.0.31105.61
MinimumVisualStudioVersion = 10.0.40219.1
Project("{FAE04EC0-301F-11D3-BF4B-00C04F79EFBC}") = "KampIntro", "KampIntro\KampIntro.csproj", "{B066A7B8-FAFE-47FD-B296-CFB61972B65C}"
EndProject
Project("{FAE04EC0-301F-11D3-BF4B-00C04F79EFBC}") = "Donguler", "Donguler\Donguler.csproj", "{A0663E1E-8AC9-42AF-A62B-7AA24218D035}"
EndProject
Project("{FAE04EC0-301F-11D3-BF4B-00C04F79EFBC}") = "ClassIntro", "ClassIntro\ClassIntro.csproj", "{928B1EF1-C75B-4F40-A9C1-3ECE79461570}"
EndProject
Project("{FAE04EC0-301F-11D3-BF4B-00C04F79EFBC}") = "Metotlar", "Metotlar\Metotlar.csproj", "{215771FA-A23A-423D-9255-FFC8C6385E58}"
EndProject
Project("{FAE04EC0-301F-11D3-BF4B-00C04F79EFBC}") = "Matematik", "Matematik\Matematik.csproj", "{72690C6B-A4B1-4987-AC46-4ED1F44AF29A}"
EndProject
Project("{FAE04EC0-301F-11D3-BF4B-00C04F79EFBC}") = "DegerVeReferansTipler", "DegerVeReferansTipler\DegerVeReferansTipler.csproj", "{7736E26B-0896-4540-869C-C5B7053B825A}"
EndProject
Project("{FAE04EC0-301F-11D3-BF4B-00C04F79EFBC}") = "OOP1", "OOP1\OOP1.csproj", "{D96873E3-143F-44CC-A3BA-B205DDAD619F}"
EndProject
Project("{FAE04EC0-301F-11D3-BF4B-00C04F79EFBC}") = "Koleksiyonlar", "Koleksiyonlar\Koleksiyonlar.csproj", "{A88287DA-A062-473E-879F-CF4163514242}"
EndProject
Project("{FAE04EC0-301F-11D3-BF4B-00C04F79EFBC}") = "GenericsIntro", "GenericsIntro\GenericsIntro.csproj", "{E412CCC7-8B98-46AD-8694-19DE2016A976}"
EndProject
Project("{FAE04EC0-301F-11D3-BF4B-00C04F79EFBC}") = "MyDictionary", "MyDictionary\MyDictionary.csproj", "{1D8F8C48-6EB9-4E15-84EC-23D61C28D42F}"
EndProject
Global
	GlobalSection(SolutionConfigurationPlatforms) = preSolution
		Debug|Any CPU = Debug|Any CPU
		Release|Any CPU = Release|Any CPU
	EndGlobalSection
	GlobalSection(ProjectConfigurationPlatforms) = postSolution
		{B066A7B8-FAFE-47FD-B296-CFB61972B65C}.Debug|Any CPU.ActiveCfg = Debug|Any CPU
		{B066A7B8-FAFE-47FD-B296-CFB61972B65C}.Debug|Any CPU.Build.0 = Debug|Any CPU
		{B066A7B8-FAFE-47FD-B296-CFB61972B65C}.Release|Any CPU.ActiveCfg = Release|Any CPU
		{B066A7B8-FAFE-47FD-B296-CFB61972B65C}.Release|Any CPU.Build.0 = Release|Any CPU
		{A0663E1E-8AC9-42AF-A62B-7AA24218D035}.Debug|Any CPU.ActiveCfg = Debug|Any CPU
		{A0663E1E-8AC9-42AF-A62B-7AA24218D035}.Debug|Any CPU.Build.0 = Debug|Any CPU
		{A0663E1E-8AC9-42AF-A62B-7AA24218D035}.Release|Any CPU.ActiveCfg = Release|Any CPU
		{A0663E1E-8AC9-42AF-A62B-7AA24218D035}.Release|Any CPU.Build.0 = Release|Any CPU
		{928B1EF1-C75B-4F40-A9C1-3ECE79461570}.Debug|Any CPU.ActiveCfg = Debug|Any CPU
		{928B1EF1-C75B-4F40-A9C1-3ECE79461570}.Debug|Any CPU.Build.0 = Debug|Any CPU
		{928B1EF1-C75B-4F40-A9C1-3ECE79461570}.Release|Any CPU.ActiveCfg = Release|Any CPU
		{928B1EF1-C75B-4F40-A9C1-3ECE79461570}.Release|Any CPU.Build.0 = Release|Any CPU
		{215771FA-A23A-423D-9255-FFC8C6385E58}.Debug|Any CPU.ActiveCfg = Debug|Any CPU
		{215771FA-A23A-423D-9255-FFC8C6385E58}.Debug|Any CPU.Build.0 = Debug|Any CPU
		{215771FA-A23A-423D-9255-FFC8C6385E58}.Release|Any CPU.ActiveCfg = Release|Any CPU
		{215771FA-A23A-423D-9255-FFC8C6385E58}.Release|Any CPU.Build.0 = Release|Any CPU
		{72690C6B-A4B1-4987-AC46-4ED1F44AF29A}.Debug|Any CPU.ActiveCfg = Debug|Any CPU
		{72690C6B-A4B1-4987-AC46-4ED1F44AF29A}.Debug|Any CPU.Build.0 = Debug|Any CPU
		{72690C6B-A4B1-4987-AC46-4ED1F44AF29A}.Release|Any CPU.ActiveCfg = Release|Any CPU
		{72690C6B-A4B1-4987-AC46-4ED1F44AF29A}.Release|Any CPU.Build.0 = Release|Any CPU
		{7736E26B-0896-4540-869C-C5B7053B825A}.Debug|Any CPU.ActiveCfg = Debug|Any CPU
		{7736E26B-0896-4540-869C-C5B7053B825A}.Debug|Any CPU.Build.0 = Debug|Any CPU
		{7736E26B-0896-4540-869C-C5B7053B825A}.Release|Any CPU.ActiveCfg = Release|Any CPU
		{7736E26B-0896-4540-869C-C5B7053B825A}.Release|Any CPU.Build.0 = Release|Any CPU
		{D96873E3-143F-44CC-A3BA-B205DDAD619F}.Debug|Any CPU.ActiveCfg = Debug|Any CPU
		{D96873E3-143F-44CC-A3BA-B205DDAD619F}.Debug|Any CPU.Build.0 = Debug|Any CPU
		{D96873E3-143F-44CC-A3BA-B205DDAD619F}.Release|Any CPU.ActiveCfg = Release|Any CPU
		{D96873E3-143F-44CC-A3BA-B205DDAD619F}.Release|Any CPU.Build.0 = Release|Any CPU
		{A88287DA-A062-473E-879F-CF4163514242}.Debug|Any CPU.ActiveCfg = Debug|Any CPU
		{A88287DA-A062-473E-879F-CF4163514242}.Debug|Any CPU.Build.0 = Debug|Any CPU
		{A88287DA-A062-473E-879F-CF4163514242}.Release|Any CPU.ActiveCfg = Release|Any CPU
		{A88287DA-A062-473E-879F-CF4163514242}.Release|Any CPU.Build.0 = Release|Any CPU
		{E412CCC7-8B98-46AD-8694-19DE2016A976}.Debug|Any CPU.ActiveCfg = Debug|Any CPU
		{E412CCC7-8B98-46AD-8694-19DE2016A976}.Debug|Any CPU.Build.0 = Debug|Any CPU
		{E412CCC7-8B98-46AD-8694-19DE2016A976}.Release|Any CPU.ActiveCfg = Release|Any CPU
		{E412CCC7-8B98-46AD-8694-19DE2016A976}.Release|Any CPU.Build.0 = Release|Any CPU
		{1D8F8C48-6EB9-4E15-84EC-23D61C28D42F}.Debug|Any CPU.ActiveCfg = Debug|Any CPU
		{1D8F8C48-6EB9-4E15-84EC-23D61C28D42F}.Debug|Any CPU.Build.0 = Debug|Any CPU
		{1D8F8C48-6EB9-4E15-84EC-23D61C28D42F}.Release|Any CPU.ActiveCfg = Release|Any CPU
		{1D8F8C48-6EB9-4E15-84EC-23D61C28D42F}.Release|Any CPU.Build.0 = Release|Any CPU
	EndGlobalSection
	GlobalSection(SolutionProperties) = preSolution
		HideSolutionNode = FALSE
	EndGlobalSection
	GlobalSection(ExtensibilityGlobals) = postSolution
		SolutionGuid = {77EF29EB-DA34-46E8-9E64-D4895CD82B17}
	EndGlobalSection
EndGlobal
